
Microsoft Visual Studio Solution File, Format Version 12.00
# Visual Studio Version 16
VisualStudioVersion = 16.0.29709.97
MinimumVisualStudioVersion = 10.0.40219.1
Project("{2150E333-8FDC-42A3-9474-1A3956D46DE8}") = "Solution Items", "Solution Items", "{6650D2C7-666D-4C6C-8568-E8C7ABA6BCBB}"
	ProjectSection(SolutionItems) = preProject
		.editorconfig = .editorconfig
		ChangeLog.txt = ChangeLog.txt
	EndProjectSection
EndProject
Project("{9A19103F-16F7-4668-BE54-9A1E7A4F7556}") = "CommonFunctionsNet50", "CommonFunctionsNet50.csproj", "{895DA7DB-42E4-4E17-BCAE-85E08DF3E800}"
EndProject
Project("{FAE04EC0-301F-11D3-BF4B-00C04F79EFBC}") = "CommonFunctionsNetFramework48", "..\CommonFunctionsNetFramework48\CommonFunctionsNetFramework48\CommonFunctionsNetFramework48.csproj", "{339A973F-8BE8-43FC-8436-8A4DAF585E1C}"
EndProject
Global
	GlobalSection(SolutionConfigurationPlatforms) = preSolution
		Debug|Any CPU = Debug|Any CPU
		Release|Any CPU = Release|Any CPU
	EndGlobalSection
	GlobalSection(ProjectConfigurationPlatforms) = postSolution
		{895DA7DB-42E4-4E17-BCAE-85E08DF3E800}.Debug|Any CPU.ActiveCfg = Debug|Any CPU
		{895DA7DB-42E4-4E17-BCAE-85E08DF3E800}.Debug|Any CPU.Build.0 = Debug|Any CPU
		{895DA7DB-42E4-4E17-BCAE-85E08DF3E800}.Release|Any CPU.ActiveCfg = Release|Any CPU
		{895DA7DB-42E4-4E17-BCAE-85E08DF3E800}.Release|Any CPU.Build.0 = Release|Any CPU
		{339A973F-8BE8-43FC-8436-8A4DAF585E1C}.Debug|Any CPU.ActiveCfg = Debug|Any CPU
		{339A973F-8BE8-43FC-8436-8A4DAF585E1C}.Debug|Any CPU.Build.0 = Debug|Any CPU
		{339A973F-8BE8-43FC-8436-8A4DAF585E1C}.Release|Any CPU.ActiveCfg = Release|Any CPU
		{339A973F-8BE8-43FC-8436-8A4DAF585E1C}.Release|Any CPU.Build.0 = Release|Any CPU
	EndGlobalSection
	GlobalSection(SolutionProperties) = preSolution
		HideSolutionNode = FALSE
	EndGlobalSection
	GlobalSection(ExtensibilityGlobals) = postSolution
		SolutionGuid = {40F33EFB-B2F4-45CD-A132-D201E664EC8C}
	EndGlobalSection
EndGlobal
